
Microsoft Visual Studio Solution File, Format Version 12.00
# Visual Studio Version 17
VisualStudioVersion = 17.7.34024.191
MinimumVisualStudioVersion = 10.0.40219.1
Project("{FAE04EC0-301F-11D3-BF4B-00C04F79EFBC}") = "SistemaVenta.Entity", "SistemaVenta.Entity\SistemaVenta.Entity.csproj", "{21F34DAF-5361-4E8A-A21C-6D653CC0F1D2}"
EndProject
Project("{FAE04EC0-301F-11D3-BF4B-00C04F79EFBC}") = "SistemaVenta.DAL", "SistemaVenta.DAL\SistemaVenta.DAL.csproj", "{F6EBF1B4-9D74-4D8F-9DB7-ED31710B429F}"
EndProject
Project("{FAE04EC0-301F-11D3-BF4B-00C04F79EFBC}") = "SistemaVenta.BLL", "SistemaVenta.BLL\SistemaVenta.BLL.csproj", "{D5EAFB91-79D9-4B81-B52F-48551A258FD1}"
EndProject
Project("{FAE04EC0-301F-11D3-BF4B-00C04F79EFBC}") = "SistemaVenta.IOC", "SistemaVenta.IOC\SistemaVenta.IOC.csproj", "{0E08181F-7DB3-427D-A66F-785F03E604FE}"
EndProject
Project("{FAE04EC0-301F-11D3-BF4B-00C04F79EFBC}") = "SistemaVenta.AplicacionWeb", "SistemaVenta.AplicacionWeb\SistemaVenta.AplicacionWeb.csproj", "{E74E68B9-66B4-437D-9BD7-F25D584D292A}"
EndProject
Global
	GlobalSection(SolutionConfigurationPlatforms) = preSolution
		Debug|Any CPU = Debug|Any CPU
		Release|Any CPU = Release|Any CPU
	EndGlobalSection
	GlobalSection(ProjectConfigurationPlatforms) = postSolution
		{21F34DAF-5361-4E8A-A21C-6D653CC0F1D2}.Debug|Any CPU.ActiveCfg = Debug|Any CPU
		{21F34DAF-5361-4E8A-A21C-6D653CC0F1D2}.Debug|Any CPU.Build.0 = Debug|Any CPU
		{21F34DAF-5361-4E8A-A21C-6D653CC0F1D2}.Release|Any CPU.ActiveCfg = Release|Any CPU
		{21F34DAF-5361-4E8A-A21C-6D653CC0F1D2}.Release|Any CPU.Build.0 = Release|Any CPU
		{F6EBF1B4-9D74-4D8F-9DB7-ED31710B429F}.Debug|Any CPU.ActiveCfg = Debug|Any CPU
		{F6EBF1B4-9D74-4D8F-9DB7-ED31710B429F}.Debug|Any CPU.Build.0 = Debug|Any CPU
		{F6EBF1B4-9D74-4D8F-9DB7-ED31710B429F}.Release|Any CPU.ActiveCfg = Release|Any CPU
		{F6EBF1B4-9D74-4D8F-9DB7-ED31710B429F}.Release|Any CPU.Build.0 = Release|Any CPU
		{D5EAFB91-79D9-4B81-B52F-48551A258FD1}.Debug|Any CPU.ActiveCfg = Debug|Any CPU
		{D5EAFB91-79D9-4B81-B52F-48551A258FD1}.Debug|Any CPU.Build.0 = Debug|Any CPU
		{D5EAFB91-79D9-4B81-B52F-48551A258FD1}.Release|Any CPU.ActiveCfg = Release|Any CPU
		{D5EAFB91-79D9-4B81-B52F-48551A258FD1}.Release|Any CPU.Build.0 = Release|Any CPU
		{0E08181F-7DB3-427D-A66F-785F03E604FE}.Debug|Any CPU.ActiveCfg = Debug|Any CPU
		{0E08181F-7DB3-427D-A66F-785F03E604FE}.Debug|Any CPU.Build.0 = Debug|Any CPU
		{0E08181F-7DB3-427D-A66F-785F03E604FE}.Release|Any CPU.ActiveCfg = Release|Any CPU
		{0E08181F-7DB3-427D-A66F-785F03E604FE}.Release|Any CPU.Build.0 = Release|Any CPU
		{E74E68B9-66B4-437D-9BD7-F25D584D292A}.Debug|Any CPU.ActiveCfg = Debug|Any CPU
		{E74E68B9-66B4-437D-9BD7-F25D584D292A}.Debug|Any CPU.Build.0 = Debug|Any CPU
		{E74E68B9-66B4-437D-9BD7-F25D584D292A}.Release|Any CPU.ActiveCfg = Release|Any CPU
		{E74E68B9-66B4-437D-9BD7-F25D584D292A}.Release|Any CPU.Build.0 = Release|Any CPU
	EndGlobalSection
	GlobalSection(SolutionProperties) = preSolution
		HideSolutionNode = FALSE
	EndGlobalSection
	GlobalSection(ExtensibilityGlobals) = postSolution
		SolutionGuid = {0105349C-ED08-436A-845F-9204129D22CC}
	EndGlobalSection
EndGlobal
